
Microsoft Visual Studio Solution File, Format Version 12.00
# Visual Studio Version 17
VisualStudioVersion = 17.5.33516.290
MinimumVisualStudioVersion = 10.0.40219.1
Project("{FAE04EC0-301F-11D3-BF4B-00C04F79EFBC}") = "MIS3033_Exam1_Practice_BradenFisher", "MIS3033_Exam1_Practice_BradenFisher\MIS3033_Exam1_Practice_BradenFisher.csproj", "{58B0D8D7-C127-4128-ADBE-1108EE6B1D82}"
EndProject
Global
	GlobalSection(SolutionConfigurationPlatforms) = preSolution
		Debug|Any CPU = Debug|Any CPU
		Release|Any CPU = Release|Any CPU
	EndGlobalSection
	GlobalSection(ProjectConfigurationPlatforms) = postSolution
		{58B0D8D7-C127-4128-ADBE-1108EE6B1D82}.Debug|Any CPU.ActiveCfg = Debug|Any CPU
		{58B0D8D7-C127-4128-ADBE-1108EE6B1D82}.Debug|Any CPU.Build.0 = Debug|Any CPU
		{58B0D8D7-C127-4128-ADBE-1108EE6B1D82}.Release|Any CPU.ActiveCfg = Release|Any CPU
		{58B0D8D7-C127-4128-ADBE-1108EE6B1D82}.Release|Any CPU.Build.0 = Release|Any CPU
	EndGlobalSection
	GlobalSection(SolutionProperties) = preSolution
		HideSolutionNode = FALSE
	EndGlobalSection
	GlobalSection(ExtensibilityGlobals) = postSolution
		SolutionGuid = {D2DF9A38-D4F1-4DC4-8EDF-FDA3537EB4E7}
	EndGlobalSection
EndGlobal
